
Microsoft Visual Studio Solution File, Format Version 12.00
# Visual Studio Version 17
VisualStudioVersion = 17.0.32014.148
MinimumVisualStudioVersion = 10.0.40219.1
Project("{9A19103F-16F7-4668-BE54-9A1E7A4F7556}") = "order-api", "order-api.csproj", "{B0290E85-F87C-4AA4-BF7D-13C3897E6C02}"
EndProject
Global
	GlobalSection(SolutionConfigurationPlatforms) = preSolution
		Debug|Any CPU = Debug|Any CPU
		Release|Any CPU = Release|Any CPU
	EndGlobalSection
	GlobalSection(ProjectConfigurationPlatforms) = postSolution
		{B0290E85-F87C-4AA4-BF7D-13C3897E6C02}.Debug|Any CPU.ActiveCfg = Debug|Any CPU
		{B0290E85-F87C-4AA4-BF7D-13C3897E6C02}.Debug|Any CPU.Build.0 = Debug|Any CPU
		{B0290E85-F87C-4AA4-BF7D-13C3897E6C02}.Release|Any CPU.ActiveCfg = Release|Any CPU
		{B0290E85-F87C-4AA4-BF7D-13C3897E6C02}.Release|Any CPU.Build.0 = Release|Any CPU
	EndGlobalSection
	GlobalSection(SolutionProperties) = preSolution
		HideSolutionNode = FALSE
	EndGlobalSection
	GlobalSection(ExtensibilityGlobals) = postSolution
		SolutionGuid = {7E486B8E-F708-465A-9F6D-85E8BA77EF71}
	EndGlobalSection
EndGlobal
